
Microsoft Visual Studio Solution File, Format Version 12.00
# Visual Studio Version 17
VisualStudioVersion = 17.2.32322.632
MinimumVisualStudioVersion = 10.0.40219.1
Project("{FAE04EC0-301F-11D3-BF4B-00C04F79EFBC}") = "AsyncYield", "AsyncYield.csproj", "{97547C62-33ED-479B-B43A-776E959F79AB}"
EndProject
Global
	GlobalSection(SolutionConfigurationPlatforms) = preSolution
		Debug|Any CPU = Debug|Any CPU
		Release|Any CPU = Release|Any CPU
	EndGlobalSection
	GlobalSection(ProjectConfigurationPlatforms) = postSolution
		{97547C62-33ED-479B-B43A-776E959F79AB}.Debug|Any CPU.ActiveCfg = Debug|Any CPU
		{97547C62-33ED-479B-B43A-776E959F79AB}.Debug|Any CPU.Build.0 = Debug|Any CPU
		{97547C62-33ED-479B-B43A-776E959F79AB}.Release|Any CPU.ActiveCfg = Release|Any CPU
		{97547C62-33ED-479B-B43A-776E959F79AB}.Release|Any CPU.Build.0 = Release|Any CPU
	EndGlobalSection
	GlobalSection(SolutionProperties) = preSolution
		HideSolutionNode = FALSE
	EndGlobalSection
	GlobalSection(ExtensibilityGlobals) = postSolution
		SolutionGuid = {A0C662F9-CCE2-45D2-B1F3-B8B735AE7DD8}
	EndGlobalSection
EndGlobal
